
Microsoft Visual Studio Solution File, Format Version 12.00
# Visual Studio Version 17
VisualStudioVersion = 17.7.34202.233
MinimumVisualStudioVersion = 10.0.40219.1
Project("{FAE04EC0-301F-11D3-BF4B-00C04F79EFBC}") = "WebApiAssignment", "WebApiAssignment\WebApiAssignment.csproj", "{624FB190-348F-46D1-900B-B2F86DCADD9E}"
EndProject
Global
	GlobalSection(SolutionConfigurationPlatforms) = preSolution
		Debug|Any CPU = Debug|Any CPU
		Release|Any CPU = Release|Any CPU
	EndGlobalSection
	GlobalSection(ProjectConfigurationPlatforms) = postSolution
		{624FB190-348F-46D1-900B-B2F86DCADD9E}.Debug|Any CPU.ActiveCfg = Debug|Any CPU
		{624FB190-348F-46D1-900B-B2F86DCADD9E}.Debug|Any CPU.Build.0 = Debug|Any CPU
		{624FB190-348F-46D1-900B-B2F86DCADD9E}.Release|Any CPU.ActiveCfg = Release|Any CPU
		{624FB190-348F-46D1-900B-B2F86DCADD9E}.Release|Any CPU.Build.0 = Release|Any CPU
	EndGlobalSection
	GlobalSection(SolutionProperties) = preSolution
		HideSolutionNode = FALSE
	EndGlobalSection
	GlobalSection(ExtensibilityGlobals) = postSolution
		SolutionGuid = {9F3E40E7-2303-427D-978D-1510B4421CDC}
	EndGlobalSection
EndGlobal
